
Microsoft Visual Studio Solution File, Format Version 12.00
# Visual Studio Version 17
VisualStudioVersion = 17.8.34511.84
MinimumVisualStudioVersion = 10.0.40219.1
Project("{9A19103F-16F7-4668-BE54-9A1E7A4F7556}") = "eGradiliste", "eGradiliste\eGradiliste.csproj", "{BA363909-D68C-4E80-B04A-AA86015CF1B8}"
EndProject
Project("{FAE04EC0-301F-11D3-BF4B-00C04F79EFBC}") = "eGradiliste.Model", "eGradiliste.Model\eGradiliste.Model.csproj", "{3A7CC8F8-8F82-475C-A858-DF2D88E46B5A}"
EndProject
Global
	GlobalSection(SolutionConfigurationPlatforms) = preSolution
		Debug|Any CPU = Debug|Any CPU
		Release|Any CPU = Release|Any CPU
	EndGlobalSection
	GlobalSection(ProjectConfigurationPlatforms) = postSolution
		{BA363909-D68C-4E80-B04A-AA86015CF1B8}.Debug|Any CPU.ActiveCfg = Debug|Any CPU
		{BA363909-D68C-4E80-B04A-AA86015CF1B8}.Debug|Any CPU.Build.0 = Debug|Any CPU
		{BA363909-D68C-4E80-B04A-AA86015CF1B8}.Release|Any CPU.ActiveCfg = Release|Any CPU
		{BA363909-D68C-4E80-B04A-AA86015CF1B8}.Release|Any CPU.Build.0 = Release|Any CPU
		{3A7CC8F8-8F82-475C-A858-DF2D88E46B5A}.Debug|Any CPU.ActiveCfg = Debug|Any CPU
		{3A7CC8F8-8F82-475C-A858-DF2D88E46B5A}.Debug|Any CPU.Build.0 = Debug|Any CPU
		{3A7CC8F8-8F82-475C-A858-DF2D88E46B5A}.Release|Any CPU.ActiveCfg = Release|Any CPU
		{3A7CC8F8-8F82-475C-A858-DF2D88E46B5A}.Release|Any CPU.Build.0 = Release|Any CPU
	EndGlobalSection
	GlobalSection(SolutionProperties) = preSolution
		HideSolutionNode = FALSE
	EndGlobalSection
	GlobalSection(ExtensibilityGlobals) = postSolution
		SolutionGuid = {9A84A714-438B-458B-9D99-62ADA32568FF}
	EndGlobalSection
EndGlobal
